{
    "_readme": [
        "This file locks the dependencies of your project to a known state",
        "Read more about it at https://getcomposer.org/doc/01-basic-usage.md#installing-dependencies",
        "This file is @generated automatically"
    ],
    "content-hash": "a3a2d4d1b2e29a3dd363af4e2ee2ac49",
    "packages": [
        {
            "name": "typo3fluid/fluid",
            "version": "2.6.10",
            "source": {
                "type": "git",
                "url": "https://github.com/TYPO3/Fluid.git",
                "reference": "f20db4e74cf9803c6cffca2ed2f03e1b0b89d0dc"
            },
            "dist": {
                "type": "zip",
                "url": "https://api.github.com/repos/TYPO3/Fluid/zipball/f20db4e74cf9803c6cffca2ed2f03e1b0b89d0dc",
                "reference": "f20db4e74cf9803c6cffca2ed2f03e1b0b89d0dc",
                "shasum": ""
            },
            "require": {
                "php": ">=5.5.0"
            },
            "require-dev": {
                "mikey179/vfsstream": "^1.6",
                "php-coveralls/php-coveralls": "^2.1",
                "phpunit/phpunit": "^8.1",
                "squizlabs/php_codesniffer": "^2.7"
            },
            "bin": [
                "bin/fluid"
            ],
            "type": "library",
            "autoload": {
                "psr-4": {
                    "TYPO3Fluid\\Fluid\\": "src/"
                }
            },
            "notification-url": "https://packagist.org/downloads/",
            "license": [
                "LGPL-3.0-or-later"
            ],
            "description": "The TYPO3 Fluid template rendering engine",
            "time": "2020-11-16T21:38:14+00:00"
        }
    ],
    "packages-dev": [],
    "aliases": [],
    "minimum-stability": "stable",
    "stability-flags": [],
    "prefer-stable": false,
    "prefer-lowest": false,
    "platform": {
        "ext-json": "*"
    },
    "platform-dev": [],
    "plugin-api-version": "1.1.0"
}
